// !$*UTF8*$!
{
	archiveVersion = 1;
	classes = {
	};
	objectVersion = 46;
	objects = {

/* Begin PBXBuildFile section */
		7410820C1B22C025008CC56B /* AppDelegate.swift in Sources */ = {isa = PBXBuildFile; fileRef = 7410820B1B22C025008CC56B /* AppDelegate.swift */; };
		7410820E1B22C025008CC56B /* ViewController.swift in Sources */ = {isa = PBXBuildFile; fileRef = 7410820D1B22C025008CC56B /* ViewController.swift */; };
		741082111B22C025008CC56B /* Main.storyboard in Resources */ = {isa = PBXBuildFile; fileRef = 7410820F1B22C025008CC56B /* Main.storyboard */; };
		741082131B22C025008CC56B /* Images.xcassets in Resources */ = {isa = PBXBuildFile; fileRef = 741082121B22C025008CC56B /* Images.xcassets */; };
		741082161B22C025008CC56B /* LaunchScreen.xib in Resources */ = {isa = PBXBuildFile; fileRef = 741082141B22C025008CC56B /* LaunchScreen.xib */; };
		741082221B22C025008CC56B /* ChalivsPoliceTests.swift in Sources */ = {isa = PBXBuildFile; fileRef = 741082211B22C025008CC56B /* ChalivsPoliceTests.swift */; };
/* End PBXBuildFile section */

/* Begin PBXContainerItemProxy section */
		7410821C1B22C025008CC56B /* PBXContainerItemProxy */ = {
			isa = PBXContainerItemProxy;
			containerPortal = 741081FE1B22C025008CC56B /* Project object */;
			proxyType = 1;
			remoteGlobalIDString = 741082051B22C025008CC56B;
			remoteInfo = ChalivsPolice;
		};
/* End PBXContainerItemProxy section */

/* Begin PBXFileReference section */
		741082061B22C025008CC56B /* ChalivsPolice.app */ = {isa = PBXFileReference; explicitFileType = wrapper.application; includeInIndex = 0; path = ChalivsPolice.app; sourceTree = BUILT_PRODUCTS_DIR; };
		7410820A1B22C025008CC56B /* Info.plist */ = {isa = PBXFileReference; lastKnownFileType = text.plist.xml; path = Info.plist; sourceTree = "<group>"; };
		7410820B1B22C025008CC56B /* AppDelegate.swift */ = {isa = PBXFileReference; lastKnownFileType = sourcecode.swift; path = AppDelegate.swift; sourceTree = "<group>"; };
		7410820D1B22C025008CC56B /* ViewController.swift */ = {isa = PBXFileReference; lastKnownFileType = sourcecode.swift; path = ViewController.swift; sourceTree = "<group>"; };
		741082101B22C025008CC56B /* Base */ = {isa = PBXFileReference; lastKnownFileType = file.storyboard; name = Base; path = Base.lproj/Main.storyboard; sourceTree = "<group>"; };
		741082121B22C025008CC56B /* Images.xcassets */ = {isa = PBXFileReference; lastKnownFileType = folder.assetcatalog; path = Images.xcassets; sourceTree = "<group>"; };
		741082151B22C025008CC56B /* Base */ = {isa = PBXFileReference; lastKnownFileType = file.xib; name = Base; path = Base.lproj/LaunchScreen.xib; sourceTree = "<group>"; };
		7410821B1B22C025008CC56B /* ChalivsPoliceTests.xctest */ = {isa = PBXFileReference; explicitFileType = wrapper.cfbundle; includeInIndex = 0; path = ChalivsPoliceTests.xctest; sourceTree = BUILT_PRODUCTS_DIR; };
		741082201B22C025008CC56B /* Info.plist */ = {isa = PBXFileReference; lastKnownFileType = text.plist.xml; path = Info.plist; sourceTree = "<group>"; };
		741082211B22C025008CC56B /* ChalivsPoliceTests.swift */ = {isa = PBXFileReference; lastKnownFileType = sourcecode.swift; path = ChalivsPoliceTests.swift; sourceTree = "<group>"; };
/* End PBXFileReference section */

/* Begin PBXFrameworksBuildPhase section */
		741082031B22C025008CC56B /* Frameworks */ = {
			isa = PBXFrameworksBuildPhase;
			buildActionMask = 2147483647;
			files = (
			);
			runOnlyForDeploymentPostprocessing = 0;
		};
		741082181B22C025008CC56B /* Frameworks */ = {
			isa = PBXFrameworksBuildPhase;
			buildActionMask = 2147483647;
			files = (
			);
			runOnlyForDeploymentPostprocessing = 0;
		};
/* End PBXFrameworksBuildPhase section */

/* Begin PBXGroup section */
		741081FD1B22C025008CC56B = {
			isa = PBXGroup;
			children = (
				741082081B22C025008CC56B /* ChalivsPolice */,
				7410821E1B22C025008CC56B /* ChalivsPoliceTests */,
				741082071B22C025008CC56B /* Products */,
			);
			sourceTree = "<group>";
		};
		741082071B22C025008CC56B /* Products */ = {
			isa = PBXGroup;
			children = (
				741082061B22C025008CC56B /* ChalivsPolice.app */,
				7410821B1B22C025008CC56B /* ChalivsPoliceTests.xctest */,
			);
			name = Products;
			sourceTree = "<group>";
		};
		741082081B22C025008CC56B /* ChalivsPolice */ = {
			isa = PBXGroup;
			children = (
				7410820B1B22C025008CC56B /* AppDelegate.swift */,
				7410820D1B22C025008CC56B /* ViewController.swift */,
				7410820F1B22C025008CC56B /* Main.storyboard */,
				741082121B22C025008CC56B /* Images.xcassets */,
				741082141B22C025008CC56B /* LaunchScreen.xib */,
				741082091B22C025008CC56B /* Supporting Files */,
			);
			path = ChalivsPolice;
			sourceTree = "<group>";
		};
		741082091B22C025008CC56B /* Supporting Files */ = {
			isa = PBXGroup;
			children = (
				7410820A1B22C025008CC56B /* Info.plist */,
			);
			name = "Supporting Files";
			sourceTree = "<group>";
		};
		7410821E1B22C025008CC56B /* ChalivsPoliceTests */ = {
			isa = PBXGroup;
			children = (
				741082211B22C025008CC56B /* ChalivsPoliceTests.swift */,
				7410821F1B22C025008CC56B /* Supporting Files */,
			);
			path = ChalivsPoliceTests;
			sourceTree = "<group>";
		};
		7410821F1B22C025008CC56B /* Supporting Files */ = {
			isa = PBXGroup;
			children = (
				741082201B22C025008CC56B /* Info.plist */,
			);
			name = "Supporting Files";
			sourceTree = "<group>";
		};
/* End PBXGroup section */

/* Begin PBXNativeTarget section */
		741082051B22C025008CC56B /* ChalivsPolice */ = {
			isa = PBXNativeTarget;
			buildConfigurationList = 741082251B22C025008CC56B /* Build configuration list for PBXNativeTarget "ChalivsPolice" */;
			buildPhases = (
				741082021B22C025008CC56B /* Sources */,
				741082031B22C025008CC56B /* Frameworks */,
				741082041B22C025008CC56B /* Resources */,
			);
			buildRules = (
			);
			dependencies = (
			);
			name = ChalivsPolice;
			productName = ChalivsPolice;
			productReference = 741082061B22C025008CC56B /* ChalivsPolice.app */;
			productType = "com.apple.product-type.application";
		};
		7410821A1B22C025008CC56B /* ChalivsPoliceTests */ = {
			isa = PBXNativeTarget;
			buildConfigurationList = 741082281B22C025008CC56B /* Build configuration list for PBXNativeTarget "ChalivsPoliceTests" */;
			buildPhases = (
				741082171B22C025008CC56B /* Sources */,
				741082181B22C025008CC56B /* Frameworks */,
				741082191B22C025008CC56B /* Resources */,
			);
			buildRules = (
			);
			dependencies = (
				7410821D1B22C025008CC56B /* PBXTargetDependency */,
			);
			name = ChalivsPoliceTests;
			productName = ChalivsPoliceTests;
			productReference = 7410821B1B22C025008CC56B /* ChalivsPoliceTests.xctest */;
			productType = "com.apple.product-type.bundle.unit-test";
		};
/* End PBXNativeTarget section */

/* Begin PBXProject section */
		741081FE1B22C025008CC56B /* Project object */ = {
			isa = PBXProject;
			attributes = {
				LastUpgradeCheck = 0630;
				ORGANIZATIONNAME = kids;
				TargetAttributes = {
					741082051B22C025008CC56B = {
						CreatedOnToolsVersion = 6.3.2;
					};
					7410821A1B22C025008CC56B = {
						CreatedOnToolsVersion = 6.3.2;
						TestTargetID = 741082051B22C025008CC56B;
					};
				};
			};
			buildConfigurationList = 741082011B22C025008CC56B /* Build configuration list for PBXProject "ChalivsPolice" */;
			compatibilityVersion = "Xcode 3.2";
			developmentRegion = English;
			hasScannedForEncodings = 0;
			knownRegions = (
				en,
				Base,
			);
			mainGroup = 741081FD1B22C025008CC56B;
			productRefGroup = 741082071B22C025008CC56B /* Products */;
			projectDirPath = "";
			projectRoot = "";
			targets = (
				741082051B22C025008CC56B /* ChalivsPolice */,
				7410821A1B22C025008CC56B /* ChalivsPoliceTests */,
			);
		};
/* End PBXProject section */

/* Begin PBXResourcesBuildPhase section */
		741082041B22C025008CC56B /* Resources */ = {
			isa = PBXResourcesBuildPhase;
			buildActionMask = 2147483647;
			files = (
				741082111B22C025008CC56B /* Main.storyboard in Resources */,
				741082161B22C025008CC56B /* LaunchScreen.xib in Resources */,
				741082131B22C025008CC56B /* Images.xcassets in Resources */,
			);
			runOnlyForDeploymentPostprocessing = 0;
		};
		741082191B22C025008CC56B /* Resources */ = {
			isa = PBXResourcesBuildPhase;
			buildActionMask = 2147483647;
			files = (
			);
			runOnlyForDeploymentPostprocessing = 0;
		};
/* End PBXResourcesBuildPhase section */

/* Begin PBXSourcesBuildPhase section */
		741082021B22C025008CC56B /* Sources */ = {
			isa = PBXSourcesBuildPhase;
			buildActionMask = 2147483647;
			files = (
				7410820E1B22C025008CC56B /* ViewController.swift in Sources */,
				7410820C1B22C025008CC56B /* AppDelegate.swift in Sources */,
			);
			runOnlyForDeploymentPostprocessing = 0;
		};
		741082171B22C025008CC56B /* Sources */ = {
			isa = PBXSourcesBuildPhase;
			buildActionMask = 2147483647;
			files = (
				741082221B22C025008CC56B /* ChalivsPoliceTests.swift in Sources */,
			);
			runOnlyForDeploymentPostprocessing = 0;
		};
/* End PBXSourcesBuildPhase section */

/* Begin PBXTargetDependency section */
		7410821D1B22C025008CC56B /* PBXTargetDependency */ = {
			isa = PBXTargetDependency;
			target = 741082051B22C025008CC56B /* ChalivsPolice */;
			targetProxy = 7410821C1B22C025008CC56B /* PBXContainerItemProxy */;
		};
/* End PBXTargetDependency section */

/* Begin PBXVariantGroup section */
		7410820F1B22C025008CC56B /* Main.storyboard */ = {
			isa = PBXVariantGroup;
			children = (
				741082101B22C025008CC56B /* Base */,
			);
			name = Main.storyboard;
			sourceTree = "<group>";
		};
		741082141B22C025008CC56B /* LaunchScreen.xib */ = {
			isa = PBXVariantGroup;
			children = (
				741082151B22C025008CC56B /* Base */,
			);
			name = LaunchScreen.xib;
			sourceTree = "<group>";
		};
/* End PBXVariantGroup section */

/* Begin XCBuildConfiguration section */
		741082231B22C025008CC56B /* Debug */ = {
			isa = XCBuildConfiguration;
			buildSettings = {
				ALWAYS_SEARCH_USER_PATHS = NO;
				CLANG_CXX_LANGUAGE_STANDARD = "gnu++0x";
				CLANG_CXX_LIBRARY = "libc++";
				CLANG_ENABLE_MODULES = YES;
				CLANG_ENABLE_OBJC_ARC = YES;
				CLANG_WARN_BOOL_CONVERSION = YES;
				CLANG_WARN_CONSTANT_CONVERSION = YES;
				CLANG_WARN_DIRECT_OBJC_ISA_USAGE = YES_ERROR;
				CLANG_WARN_EMPTY_BODY = YES;
				CLANG_WARN_ENUM_CONVERSION = YES;
				CLANG_WARN_INT_CONVERSION = YES;
				CLANG_WARN_OBJC_ROOT_CLASS = YES_ERROR;
				CLANG_WARN_UNREACHABLE_CODE = YES;
				CLANG_WARN__DUPLICATE_METHOD_MATCH = YES;
				"CODE_SIGN_IDENTITY[sdk=iphoneos*]" = "iPhone Developer";
				COPY_PHASE_STRIP = NO;
				DEBUG_INFORMATION_FORMAT = "dwarf-with-dsym";
				ENABLE_STRICT_OBJC_MSGSEND = YES;
				GCC_C_LANGUAGE_STANDARD = gnu99;
				GCC_DYNAMIC_NO_PIC = NO;
				GCC_NO_COMMON_BLOCKS = YES;
				GCC_OPTIMIZATION_LEVEL = 0;
				GCC_PREPROCESSOR_DEFINITIONS = (
					"DEBUG=1",
					"$(inherited)",
				);
				GCC_SYMBOLS_PRIVATE_EXTERN = NO;
				GCC_WARN_64_TO_32_BIT_CONVERSION = YES;
				GCC_WARN_ABOUT_RETURN_TYPE = YES_ERROR;
				GCC_WARN_UNDECLARED_SELECTOR = YES;
				GCC_WARN_UNINITIALIZED_AUTOS = YES_AGGRESSIVE;
				GCC_WARN_UNUSED_FUNCTION = YES;
				GCC_WARN_UNUSED_VARIABLE = YES;
				IPHONEOS_DEPLOYMENT_TARGET = 8.3;
				MTL_ENABLE_DEBUG_INFO = YES;
				ONLY_ACTIVE_ARCH = YES;
				SDKROOT = iphoneos;
				SWIFT_OPTIMIZATION_LEVEL = "-Onone";
			};
			name = Debug;
		};
		741082241B22C025008CC56B /* Release */ = {
			isa = XCBuildConfiguration;
			buildSettings = {
				ALWAYS_SEARCH_USER_PATHS = NO;
				CLANG_CXX_LANGUAGE_STANDARD = "gnu++0x";
				CLANG_CXX_LIBRARY = "libc++";
				CLANG_ENABLE_MODULES = YES;
				CLANG_ENABLE_OBJC_ARC = YES;
				CLANG_WARN_BOOL_CONVERSION = YES;
				CLANG_WARN_CONSTANT_CONVERSION = YES;
				CLANG_WARN_DIRECT_OBJC_ISA_USAGE = YES_ERROR;
				CLANG_WARN_EMPTY_BODY = YES;
				CLANG_WARN_ENUM_CONVERSION = YES;
				CLANG_WARN_INT_CONVERSION = YES;
				CLANG_WARN_OBJC_ROOT_CLASS = YES_ERROR;
				CLANG_WARN_UNREACHABLE_CODE = YES;
				CLANG_WARN__DUPLICATE_METHOD_MATCH = YES;
				"CODE_SIGN_IDENTITY[sdk=iphoneos*]" = "iPhone Developer";
				COPY_PHASE_STRIP = NO;
				DEBUG_INFORMATION_FORMAT = "dwarf-with-dsym";
				ENABLE_NS_ASSERTIONS = NO;
				ENABLE_STRICT_OBJC_MSGSEND = YES;
				GCC_C_LANGUAGE_STANDARD = gnu99;
				GCC_NO_COMMON_BLOCKS = YES;
				GCC_WARN_64_TO_32_BIT_CONVERSION = YES;
				GCC_WARN_ABOUT_RETURN_TYPE = YES_ERROR;
				GCC_WARN_UNDECLARED_SELECTOR = YES;
				GCC_WARN_UNINITIALIZED_AUTOS = YES_AGGRESSIVE;
				GCC_WARN_UNUSED_FUNCTION = YES;
				GCC_WARN_UNUSED_VARIABLE = YES;
				IPHONEOS_DEPLOYMENT_TARGET = 8.3;
				MTL_ENABLE_DEBUG_INFO = NO;
				SDKROOT = iphoneos;
				VALIDATE_PRODUCT = YES;
			};
			name = Release;
		};
		741082261B22C025008CC56B /* Debug */ = {
			isa = XCBuildConfiguration;
			buildSettings = {
				ASSETCATALOG_COMPILER_APPICON_NAME = AppIcon;
				INFOPLIST_FILE = ChalivsPolice/Info.plist;
				LD_RUNPATH_SEARCH_PATHS = "$(inherited) @executable_path/Frameworks";
				PRODUCT_NAME = "$(TARGET_NAME)";
			};
			name = Debug;
		};
		741082271B22C025008CC56B /* Release */ = {
			isa = XCBuildConfiguration;
			buildSettings = {
				ASSETCATALOG_COMPILER_APPICON_NAME = AppIcon;
				INFOPLIST_FILE = ChalivsPolice/Info.plist;
				LD_RUNPATH_SEARCH_PATHS = "$(inherited) @executable_path/Frameworks";
				PRODUCT_NAME = "$(TARGET_NAME)";
			};
			name = Release;
		};
		741082291B22C025008CC56B /* Debug */ = {
			isa = XCBuildConfiguration;
			buildSettings = {
				BUNDLE_LOADER = "$(TEST_HOST)";
				FRAMEWORK_SEARCH_PATHS = (
					"$(SDKROOT)/Developer/Library/Frameworks",
					"$(inherited)",
				);
				GCC_PREPROCESSOR_DEFINITIONS = (
					"DEBUG=1",
					"$(inherited)",
				);
				INFOPLIST_FILE = ChalivsPoliceTests/Info.plist;
				LD_RUNPATH_SEARCH_PATHS = "$(inherited) @executable_path/Frameworks @loader_path/Frameworks";
				PRODUCT_NAME = "$(TARGET_NAME)";
				TEST_HOST = "$(BUILT_PRODUCTS_DIR)/ChalivsPolice.app/ChalivsPolice";
			};
			name = Debug;
		};
		7410822A1B22C025008CC56B /* Release */ = {
			isa = XCBuildConfiguration;
			buildSettings = {
				BUNDLE_LOADER = "$(TEST_HOST)";
				FRAMEWORK_SEARCH_PATHS = (
					"$(SDKROOT)/Developer/Library/Frameworks",
					"$(inherited)",
				);
				INFOPLIST_FILE = ChalivsPoliceTests/Info.plist;
				LD_RUNPATH_SEARCH_PATHS = "$(inherited) @executable_path/Frameworks @loader_path/Frameworks";
				PRODUCT_NAME = "$(TARGET_NAME)";
				TEST_HOST = "$(BUILT_PRODUCTS_DIR)/ChalivsPolice.app/ChalivsPolice";
			};
			name = Release;
		};
/* End XCBuildConfiguration section */

/* Begin XCConfigurationList section */
		741082011B22C025008CC56B /* Build configuration list for PBXProject "ChalivsPolice" */ = {
			isa = XCConfigurationList;
			buildConfigurations = (
				741082231B22C025008CC56B /* Debug */,
				741082241B22C025008CC56B /* Release */,
			);
			defaultConfigurationIsVisible = 0;
			defaultConfigurationName = Release;
		};
		741082251B22C025008CC56B /* Build configuration list for PBXNativeTarget "ChalivsPolice" */ = {
			isa = XCConfigurationList;
			buildConfigurations = (
				741082261B22C025008CC56B /* Debug */,
				741082271B22C025008CC56B /* Release */,
			);
			defaultConfigurationIsVisible = 0;
		};
		741082281B22C025008CC56B /* Build configuration list for PBXNativeTarget "ChalivsPoliceTests" */ = {
			isa = XCConfigurationList;
			buildConfigurations = (
				741082291B22C025008CC56B /* Debug */,
				7410822A1B22C025008CC56B /* Release */,
			);
			defaultConfigurationIsVisible = 0;
		};
/* End XCConfigurationList section */
	};
	rootObject = 741081FE1B22C025008CC56B /* Project object */;
}
